// !$*UTF8*$!
{
	archiveVersion = 1;
	classes = {
	};
	objectVersion = 50;
	objects = {

/* Begin PBXBuildFile section */
		CF5F731C20BC2414005EE35D /* AppDelegate.swift in Sources */ = {isa = PBXBuildFile; fileRef = CF5F731B20BC2414005EE35D /* AppDelegate.swift */; };
		CF5F731E20BC2414005EE35D /* ViewController.swift in Sources */ = {isa = PBXBuildFile; fileRef = CF5F731D20BC2414005EE35D /* ViewController.swift */; };
		CF5F732120BC2414005EE35D /* Main.storyboard in Resources */ = {isa = PBXBuildFile; fileRef = CF5F731F20BC2414005EE35D /* Main.storyboard */; };
		CF5F732320BC2416005EE35D /* Assets.xcassets in Resources */ = {isa = PBXBuildFile; fileRef = CF5F732220BC2416005EE35D /* Assets.xcassets */; };
		CF5F732620BC2416005EE35D /* LaunchScreen.storyboard in Resources */ = {isa = PBXBuildFile; fileRef = CF5F732420BC2416005EE35D /* LaunchScreen.storyboard */; };
		CF5F733120BC2416005EE35D /* MyAppTests.swift in Sources */ = {isa = PBXBuildFile; fileRef = CF5F733020BC2416005EE35D /* MyAppTests.swift */; };
		CF5F733C20BC2416005EE35D /* MyAppUITests.swift in Sources */ = {isa = PBXBuildFile; fileRef = CF5F733B20BC2416005EE35D /* MyAppUITests.swift */; };
/* End PBXBuildFile section */

/* Begin PBXContainerItemProxy section */
		CF5F732D20BC2416005EE35D /* PBXContainerItemProxy */ = {
			isa = PBXContainerItemProxy;
			containerPortal = CF5F731020BC2414005EE35D /* Project object */;
			proxyType = 1;
			remoteGlobalIDString = CF5F731720BC2414005EE35D;
			remoteInfo = MyApp;
		};
		CF5F733820BC2416005EE35D /* PBXContainerItemProxy */ = {
			isa = PBXContainerItemProxy;
			containerPortal = CF5F731020BC2414005EE35D /* Project object */;
			proxyType = 1;
			remoteGlobalIDString = CF5F731720BC2414005EE35D;
			remoteInfo = MyApp;
		};
/* End PBXContainerItemProxy section */

/* Begin PBXFileReference section */
		CF5F731820BC2414005EE35D /* MyApp.app */ = {isa = PBXFileReference; explicitFileType = wrapper.application; includeInIndex = 0; path = MyApp.app; sourceTree = BUILT_PRODUCTS_DIR; };
		CF5F731B20BC2414005EE35D /* AppDelegate.swift */ = {isa = PBXFileReference; lastKnownFileType = sourcecode.swift; path = AppDelegate.swift; sourceTree = "<group>"; };
		CF5F731D20BC2414005EE35D /* ViewController.swift */ = {isa = PBXFileReference; lastKnownFileType = sourcecode.swift; path = ViewController.swift; sourceTree = "<group>"; };
		CF5F732020BC2414005EE35D /* Base */ = {isa = PBXFileReference; lastKnownFileType = file.storyboard; name = Base; path = Base.lproj/Main.storyboard; sourceTree = "<group>"; };
		CF5F732220BC2416005EE35D /* Assets.xcassets */ = {isa = PBXFileReference; lastKnownFileType = folder.assetcatalog; path = Assets.xcassets; sourceTree = "<group>"; };
		CF5F732520BC2416005EE35D /* Base */ = {isa = PBXFileReference; lastKnownFileType = file.storyboard; name = Base; path = Base.lproj/LaunchScreen.storyboard; sourceTree = "<group>"; };
		CF5F732720BC2416005EE35D /* Info.plist */ = {isa = PBXFileReference; lastKnownFileType = text.plist.xml; path = Info.plist; sourceTree = "<group>"; };
		CF5F732C20BC2416005EE35D /* MyAppTests.xctest */ = {isa = PBXFileReference; explicitFileType = wrapper.cfbundle; includeInIndex = 0; path = MyAppTests.xctest; sourceTree = BUILT_PRODUCTS_DIR; };
		CF5F733020BC2416005EE35D /* MyAppTests.swift */ = {isa = PBXFileReference; lastKnownFileType = sourcecode.swift; path = MyAppTests.swift; sourceTree = "<group>"; };
		CF5F733220BC2416005EE35D /* Info.plist */ = {isa = PBXFileReference; lastKnownFileType = text.plist.xml; path = Info.plist; sourceTree = "<group>"; };
		CF5F733720BC2416005EE35D /* MyAppUITests.xctest */ = {isa = PBXFileReference; explicitFileType = wrapper.cfbundle; includeInIndex = 0; path = MyAppUITests.xctest; sourceTree = BUILT_PRODUCTS_DIR; };
		CF5F733B20BC2416005EE35D /* MyAppUITests.swift */ = {isa = PBXFileReference; lastKnownFileType = sourcecode.swift; path = MyAppUITests.swift; sourceTree = "<group>"; };
		CF5F733D20BC2416005EE35D /* Info.plist */ = {isa = PBXFileReference; lastKnownFileType = text.plist.xml; path = Info.plist; sourceTree = "<group>"; };
/* End PBXFileReference section */

/* Begin PBXFrameworksBuildPhase section */
		CF5F731520BC2414005EE35D /* Frameworks */ = {
			isa = PBXFrameworksBuildPhase;
			buildActionMask = 2147483647;
			files = (
			);
			runOnlyForDeploymentPostprocessing = 0;
		};
		CF5F732920BC2416005EE35D /* Frameworks */ = {
			isa = PBXFrameworksBuildPhase;
			buildActionMask = 2147483647;
			files = (
			);
			runOnlyForDeploymentPostprocessing = 0;
		};
		CF5F733420BC2416005EE35D /* Frameworks */ = {
			isa = PBXFrameworksBuildPhase;
			buildActionMask = 2147483647;
			files = (
			);
			runOnlyForDeploymentPostprocessing = 0;
		};
/* End PBXFrameworksBuildPhase section */

/* Begin PBXGroup section */
		CF5F730F20BC2414005EE35D = {
			isa = PBXGroup;
			children = (
				CF5F731A20BC2414005EE35D /* MyApp */,
				CF5F732F20BC2416005EE35D /* MyAppTests */,
				CF5F733A20BC2416005EE35D /* MyAppUITests */,
				CF5F731920BC2414005EE35D /* Products */,
			);
			sourceTree = "<group>";
		};
		CF5F731920BC2414005EE35D /* Products */ = {
			isa = PBXGroup;
			children = (
				CF5F731820BC2414005EE35D /* MyApp.app */,
				CF5F732C20BC2416005EE35D /* MyAppTests.xctest */,
				CF5F733720BC2416005EE35D /* MyAppUITests.xctest */,
			);
			name = Products;
			sourceTree = "<group>";
		};
		CF5F731A20BC2414005EE35D /* MyApp */ = {
			isa = PBXGroup;
			children = (
				CF5F731B20BC2414005EE35D /* AppDelegate.swift */,
				CF5F731D20BC2414005EE35D /* ViewController.swift */,
				CF5F731F20BC2414005EE35D /* Main.storyboard */,
				CF5F732220BC2416005EE35D /* Assets.xcassets */,
				CF5F732420BC2416005EE35D /* LaunchScreen.storyboard */,
				CF5F732720BC2416005EE35D /* Info.plist */,
			);
			path = MyApp;
			sourceTree = "<group>";
		};
		CF5F732F20BC2416005EE35D /* MyAppTests */ = {
			isa = PBXGroup;
			children = (
				CF5F733020BC2416005EE35D /* MyAppTests.swift */,
				CF5F733220BC2416005EE35D /* Info.plist */,
			);
			path = MyAppTests;
			sourceTree = "<group>";
		};
		CF5F733A20BC2416005EE35D /* MyAppUITests */ = {
			isa = PBXGroup;
			children = (
				CF5F733B20BC2416005EE35D /* MyAppUITests.swift */,
				CF5F733D20BC2416005EE35D /* Info.plist */,
			);
			path = MyAppUITests;
			sourceTree = "<group>";
		};
/* End PBXGroup section */

/* Begin PBXNativeTarget section */
		CF5F731720BC2414005EE35D /* MyApp */ = {
			isa = PBXNativeTarget;
			buildConfigurationList = CF5F734020BC2416005EE35D /* Build configuration list for PBXNativeTarget "MyApp" */;
			buildPhases = (
				CF5F731420BC2414005EE35D /* Sources */,
				CF5F731520BC2414005EE35D /* Frameworks */,
				CF5F731620BC2414005EE35D /* Resources */,
			);
			buildRules = (
			);
			dependencies = (
			);
			name = MyApp;
			productName = MyApp;
			productReference = CF5F731820BC2414005EE35D /* MyApp.app */;
			productType = "com.apple.product-type.application";
		};
		CF5F732B20BC2416005EE35D /* MyAppTests */ = {
			isa = PBXNativeTarget;
			buildConfigurationList = CF5F734320BC2416005EE35D /* Build configuration list for PBXNativeTarget "MyAppTests" */;
			buildPhases = (
				CF5F732820BC2416005EE35D /* Sources */,
				CF5F732920BC2416005EE35D /* Frameworks */,
				CF5F732A20BC2416005EE35D /* Resources */,
			);
			buildRules = (
			);
			dependencies = (
				CF5F732E20BC2416005EE35D /* PBXTargetDependency */,
			);
			name = MyAppTests;
			productName = MyAppTests;
			productReference = CF5F732C20BC2416005EE35D /* MyAppTests.xctest */;
			productType = "com.apple.product-type.bundle.unit-test";
		};
		CF5F733620BC2416005EE35D /* MyAppUITests */ = {
			isa = PBXNativeTarget;
			buildConfigurationList = CF5F734620BC2416005EE35D /* Build configuration list for PBXNativeTarget "MyAppUITests" */;
			buildPhases = (
				CF5F733320BC2416005EE35D /* Sources */,
				CF5F733420BC2416005EE35D /* Frameworks */,
				CF5F733520BC2416005EE35D /* Resources */,
			);
			buildRules = (
			);
			dependencies = (
				CF5F733920BC2416005EE35D /* PBXTargetDependency */,
			);
			name = MyAppUITests;
			productName = MyAppUITests;
			productReference = CF5F733720BC2416005EE35D /* MyAppUITests.xctest */;
			productType = "com.apple.product-type.bundle.ui-testing";
		};
/* End PBXNativeTarget section */

/* Begin PBXProject section */
		CF5F731020BC2414005EE35D /* Project object */ = {
			isa = PBXProject;
			attributes = {
				LastSwiftUpdateCheck = 0930;
				LastUpgradeCheck = 0930;
				ORGANIZATIONNAME = "宮内諒太";
				TargetAttributes = {
					CF5F731720BC2414005EE35D = {
						CreatedOnToolsVersion = 9.3.1;
					};
					CF5F732B20BC2416005EE35D = {
						CreatedOnToolsVersion = 9.3.1;
						TestTargetID = CF5F731720BC2414005EE35D;
					};
					CF5F733620BC2416005EE35D = {
						CreatedOnToolsVersion = 9.3.1;
						TestTargetID = CF5F731720BC2414005EE35D;
					};
				};
			};
			buildConfigurationList = CF5F731320BC2414005EE35D /* Build configuration list for PBXProject "MyApp" */;
			compatibilityVersion = "Xcode 9.3";
			developmentRegion = en;
			hasScannedForEncodings = 0;
			knownRegions = (
				en,
				Base,
			);
			mainGroup = CF5F730F20BC2414005EE35D;
			productRefGroup = CF5F731920BC2414005EE35D /* Products */;
			projectDirPath = "";
			projectRoot = "";
			targets = (
				CF5F731720BC2414005EE35D /* MyApp */,
				CF5F732B20BC2416005EE35D /* MyAppTests */,
				CF5F733620BC2416005EE35D /* MyAppUITests */,
			);
		};
/* End PBXProject section */

/* Begin PBXResourcesBuildPhase section */
		CF5F731620BC2414005EE35D /* Resources */ = {
			isa = PBXResourcesBuildPhase;
			buildActionMask = 2147483647;
			files = (
				CF5F732620BC2416005EE35D /* LaunchScreen.storyboard in Resources */,
				CF5F732320BC2416005EE35D /* Assets.xcassets in Resources */,
				CF5F732120BC2414005EE35D /* Main.storyboard in Resources */,
			);
			runOnlyForDeploymentPostprocessing = 0;
		};
		CF5F732A20BC2416005EE35D /* Resources */ = {
			isa = PBXResourcesBuildPhase;
			buildActionMask = 2147483647;
			files = (
			);
			runOnlyForDeploymentPostprocessing = 0;
		};
		CF5F733520BC2416005EE35D /* Resources */ = {
			isa = PBXResourcesBuildPhase;
			buildActionMask = 2147483647;
			files = (
			);
			runOnlyForDeploymentPostprocessing = 0;
		};
/* End PBXResourcesBuildPhase section */

/* Begin PBXSourcesBuildPhase section */
		CF5F731420BC2414005EE35D /* Sources */ = {
			isa = PBXSourcesBuildPhase;
			buildActionMask = 2147483647;
			files = (
				CF5F731E20BC2414005EE35D /* ViewController.swift in Sources */,
				CF5F731C20BC2414005EE35D /* AppDelegate.swift in Sources */,
			);
			runOnlyForDeploymentPostprocessing = 0;
		};
		CF5F732820BC2416005EE35D /* Sources */ = {
			isa = PBXSourcesBuildPhase;
			buildActionMask = 2147483647;
			files = (
				CF5F733120BC2416005EE35D /* MyAppTests.swift in Sources */,
			);
			runOnlyForDeploymentPostprocessing = 0;
		};
		CF5F733320BC2416005EE35D /* Sources */ = {
			isa = PBXSourcesBuildPhase;
			buildActionMask = 2147483647;
			files = (
				CF5F733C20BC2416005EE35D /* MyAppUITests.swift in Sources */,
			);
			runOnlyForDeploymentPostprocessing = 0;
		};
/* End PBXSourcesBuildPhase section */

/* Begin PBXTargetDependency section */
		CF5F732E20BC2416005EE35D /* PBXTargetDependency */ = {
			isa = PBXTargetDependency;
			target = CF5F731720BC2414005EE35D /* MyApp */;
			targetProxy = CF5F732D20BC2416005EE35D /* PBXContainerItemProxy */;
		};
		CF5F733920BC2416005EE35D /* PBXTargetDependency */ = {
			isa = PBXTargetDependency;
			target = CF5F731720BC2414005EE35D /* MyApp */;
			targetProxy = CF5F733820BC2416005EE35D /* PBXContainerItemProxy */;
		};
/* End PBXTargetDependency section */

/* Begin PBXVariantGroup section */
		CF5F731F20BC2414005EE35D /* Main.storyboard */ = {
			isa = PBXVariantGroup;
			children = (
				CF5F732020BC2414005EE35D /* Base */,
			);
			name = Main.storyboard;
			sourceTree = "<group>";
		};
		CF5F732420BC2416005EE35D /* LaunchScreen.storyboard */ = {
			isa = PBXVariantGroup;
			children = (
				CF5F732520BC2416005EE35D /* Base */,
			);
			name = LaunchScreen.storyboard;
			sourceTree = "<group>";
		};
/* End PBXVariantGroup section */

/* Begin XCBuildConfiguration section */
		CF5F733E20BC2416005EE35D /* Debug */ = {
			isa = XCBuildConfiguration;
			buildSettings = {
				ALWAYS_SEARCH_USER_PATHS = NO;
				CLANG_ANALYZER_NONNULL = YES;
				CLANG_ANALYZER_NUMBER_OBJECT_CONVERSION = YES_AGGRESSIVE;
				CLANG_CXX_LANGUAGE_STANDARD = "gnu++14";
				CLANG_CXX_LIBRARY = "libc++";
				CLANG_ENABLE_MODULES = YES;
				CLANG_ENABLE_OBJC_ARC = YES;
				CLANG_ENABLE_OBJC_WEAK = YES;
				CLANG_WARN_BLOCK_CAPTURE_AUTORELEASING = YES;
				CLANG_WARN_BOOL_CONVERSION = YES;
				CLANG_WARN_COMMA = YES;
				CLANG_WARN_CONSTANT_CONVERSION = YES;
				CLANG_WARN_DEPRECATED_OBJC_IMPLEMENTATIONS = YES;
				CLANG_WARN_DIRECT_OBJC_ISA_USAGE = YES_ERROR;
				CLANG_WARN_DOCUMENTATION_COMMENTS = YES;
				CLANG_WARN_EMPTY_BODY = YES;
				CLANG_WARN_ENUM_CONVERSION = YES;
				CLANG_WARN_INFINITE_RECURSION = YES;
				CLANG_WARN_INT_CONVERSION = YES;
				CLANG_WARN_NON_LITERAL_NULL_CONVERSION = YES;
				CLANG_WARN_OBJC_IMPLICIT_RETAIN_SELF = YES;
				CLANG_WARN_OBJC_LITERAL_CONVERSION = YES;
				CLANG_WARN_OBJC_ROOT_CLASS = YES_ERROR;
				CLANG_WARN_RANGE_LOOP_ANALYSIS = YES;
				CLANG_WARN_STRICT_PROTOTYPES = YES;
				CLANG_WARN_SUSPICIOUS_MOVE = YES;
				CLANG_WARN_UNGUARDED_AVAILABILITY = YES_AGGRESSIVE;
				CLANG_WARN_UNREACHABLE_CODE = YES;
				CLANG_WARN__DUPLICATE_METHOD_MATCH = YES;
				CODE_SIGN_IDENTITY = "iPhone Developer";
				COPY_PHASE_STRIP = NO;
				DEBUG_INFORMATION_FORMAT = dwarf;
				ENABLE_STRICT_OBJC_MSGSEND = YES;
				ENABLE_TESTABILITY = YES;
				GCC_C_LANGUAGE_STANDARD = gnu11;
				GCC_DYNAMIC_NO_PIC = NO;
				GCC_NO_COMMON_BLOCKS = YES;
				GCC_OPTIMIZATION_LEVEL = 0;
				GCC_PREPROCESSOR_DEFINITIONS = (
					"DEBUG=1",
					"$(inherited)",
				);
				GCC_WARN_64_TO_32_BIT_CONVERSION = YES;
				GCC_WARN_ABOUT_RETURN_TYPE = YES_ERROR;
				GCC_WARN_UNDECLARED_SELECTOR = YES;
				GCC_WARN_UNINITIALIZED_AUTOS = YES_AGGRESSIVE;
				GCC_WARN_UNUSED_FUNCTION = YES;
				GCC_WARN_UNUSED_VARIABLE = YES;
				IPHONEOS_DEPLOYMENT_TARGET = 11.3;
				MTL_ENABLE_DEBUG_INFO = YES;
				ONLY_ACTIVE_ARCH = YES;
				SDKROOT = iphoneos;
				SWIFT_ACTIVE_COMPILATION_CONDITIONS = DEBUG;
				SWIFT_OPTIMIZATION_LEVEL = "-Onone";
			};
			name = Debug;
		};
		CF5F733F20BC2416005EE35D /* Release */ = {
			isa = XCBuildConfiguration;
			buildSettings = {
				ALWAYS_SEARCH_USER_PATHS = NO;
				CLANG_ANALYZER_NONNULL = YES;
				CLANG_ANALYZER_NUMBER_OBJECT_CONVERSION = YES_AGGRESSIVE;
				CLANG_CXX_LANGUAGE_STANDARD = "gnu++14";
				CLANG_CXX_LIBRARY = "libc++";
				CLANG_ENABLE_MODULES = YES;
				CLANG_ENABLE_OBJC_ARC = YES;
				CLANG_ENABLE_OBJC_WEAK = YES;
				CLANG_WARN_BLOCK_CAPTURE_AUTORELEASING = YES;
				CLANG_WARN_BOOL_CONVERSION = YES;
				CLANG_WARN_COMMA = YES;
				CLANG_WARN_CONSTANT_CONVERSION = YES;
				CLANG_WARN_DEPRECATED_OBJC_IMPLEMENTATIONS = YES;
				CLANG_WARN_DIRECT_OBJC_ISA_USAGE = YES_ERROR;
				CLANG_WARN_DOCUMENTATION_COMMENTS = YES;
				CLANG_WARN_EMPTY_BODY = YES;
				CLANG_WARN_ENUM_CONVERSION = YES;
				CLANG_WARN_INFINITE_RECURSION = YES;
				CLANG_WARN_INT_CONVERSION = YES;
				CLANG_WARN_NON_LITERAL_NULL_CONVERSION = YES;
				CLANG_WARN_OBJC_IMPLICIT_RETAIN_SELF = YES;
				CLANG_WARN_OBJC_LITERAL_CONVERSION = YES;
				CLANG_WARN_OBJC_ROOT_CLASS = YES_ERROR;
				CLANG_WARN_RANGE_LOOP_ANALYSIS = YES;
				CLANG_WARN_STRICT_PROTOTYPES = YES;
				CLANG_WARN_SUSPICIOUS_MOVE = YES;
				CLANG_WARN_UNGUARDED_AVAILABILITY = YES_AGGRESSIVE;
				CLANG_WARN_UNREACHABLE_CODE = YES;
				CLANG_WARN__DUPLICATE_METHOD_MATCH = YES;
				CODE_SIGN_IDENTITY = "iPhone Developer";
				COPY_PHASE_STRIP = NO;
				DEBUG_INFORMATION_FORMAT = "dwarf-with-dsym";
				ENABLE_NS_ASSERTIONS = NO;
				ENABLE_STRICT_OBJC_MSGSEND = YES;
				GCC_C_LANGUAGE_STANDARD = gnu11;
				GCC_NO_COMMON_BLOCKS = YES;
				GCC_WARN_64_TO_32_BIT_CONVERSION = YES;
				GCC_WARN_ABOUT_RETURN_TYPE = YES_ERROR;
				GCC_WARN_UNDECLARED_SELECTOR = YES;
				GCC_WARN_UNINITIALIZED_AUTOS = YES_AGGRESSIVE;
				GCC_WARN_UNUSED_FUNCTION = YES;
				GCC_WARN_UNUSED_VARIABLE = YES;
				IPHONEOS_DEPLOYMENT_TARGET = 11.3;
				MTL_ENABLE_DEBUG_INFO = NO;
				SDKROOT = iphoneos;
				SWIFT_COMPILATION_MODE = wholemodule;
				SWIFT_OPTIMIZATION_LEVEL = "-O";
				VALIDATE_PRODUCT = YES;
			};
			name = Release;
		};
		CF5F734120BC2416005EE35D /* Debug */ = {
			isa = XCBuildConfiguration;
			buildSettings = {
				ASSETCATALOG_COMPILER_APPICON_NAME = AppIcon;
				CODE_SIGN_STYLE = Automatic;
				INFOPLIST_FILE = MyApp/Info.plist;
				LD_RUNPATH_SEARCH_PATHS = (
					"$(inherited)",
					"@executable_path/Frameworks",
				);
				PRODUCT_BUNDLE_IDENTIFIER = jp.myapp.MyApp;
				PRODUCT_NAME = "$(TARGET_NAME)";
				SWIFT_VERSION = 4.0;
				TARGETED_DEVICE_FAMILY = "1,2";
			};
			name = Debug;
		};
		CF5F734220BC2416005EE35D /* Release */ = {
			isa = XCBuildConfiguration;
			buildSettings = {
				ASSETCATALOG_COMPILER_APPICON_NAME = AppIcon;
				CODE_SIGN_STYLE = Automatic;
				INFOPLIST_FILE = MyApp/Info.plist;
				LD_RUNPATH_SEARCH_PATHS = (
					"$(inherited)",
					"@executable_path/Frameworks",
				);
				PRODUCT_BUNDLE_IDENTIFIER = jp.myapp.MyApp;
				PRODUCT_NAME = "$(TARGET_NAME)";
				SWIFT_VERSION = 4.0;
				TARGETED_DEVICE_FAMILY = "1,2";
			};
			name = Release;
		};
		CF5F734420BC2416005EE35D /* Debug */ = {
			isa = XCBuildConfiguration;
			buildSettings = {
				ALWAYS_EMBED_SWIFT_STANDARD_LIBRARIES = YES;
				BUNDLE_LOADER = "$(TEST_HOST)";
				CODE_SIGN_STYLE = Automatic;
				INFOPLIST_FILE = MyAppTests/Info.plist;
				LD_RUNPATH_SEARCH_PATHS = (
					"$(inherited)",
					"@executable_path/Frameworks",
					"@loader_path/Frameworks",
				);
				PRODUCT_BUNDLE_IDENTIFIER = jp.myapp.MyAppTests;
				PRODUCT_NAME = "$(TARGET_NAME)";
				SWIFT_VERSION = 4.0;
				TARGETED_DEVICE_FAMILY = "1,2";
				TEST_HOST = "$(BUILT_PRODUCTS_DIR)/MyApp.app/MyApp";
			};
			name = Debug;
		};
		CF5F734520BC2416005EE35D /* Release */ = {
			isa = XCBuildConfiguration;
			buildSettings = {
				ALWAYS_EMBED_SWIFT_STANDARD_LIBRARIES = YES;
				BUNDLE_LOADER = "$(TEST_HOST)";
				CODE_SIGN_STYLE = Automatic;
				INFOPLIST_FILE = MyAppTests/Info.plist;
				LD_RUNPATH_SEARCH_PATHS = (
					"$(inherited)",
					"@executable_path/Frameworks",
					"@loader_path/Frameworks",
				);
				PRODUCT_BUNDLE_IDENTIFIER = jp.myapp.MyAppTests;
				PRODUCT_NAME = "$(TARGET_NAME)";
				SWIFT_VERSION = 4.0;
				TARGETED_DEVICE_FAMILY = "1,2";
				TEST_HOST = "$(BUILT_PRODUCTS_DIR)/MyApp.app/MyApp";
			};
			name = Release;
		};
		CF5F734720BC2416005EE35D /* Debug */ = {
			isa = XCBuildConfiguration;
			buildSettings = {
				ALWAYS_EMBED_SWIFT_STANDARD_LIBRARIES = YES;
				CODE_SIGN_STYLE = Automatic;
				INFOPLIST_FILE = MyAppUITests/Info.plist;
				LD_RUNPATH_SEARCH_PATHS = (
					"$(inherited)",
					"@executable_path/Frameworks",
					"@loader_path/Frameworks",
				);
				PRODUCT_BUNDLE_IDENTIFIER = jp.myapp.MyAppUITests;
				PRODUCT_NAME = "$(TARGET_NAME)";
				SWIFT_VERSION = 4.0;
				TARGETED_DEVICE_FAMILY = "1,2";
				TEST_TARGET_NAME = MyApp;
			};
			name = Debug;
		};
		CF5F734820BC2416005EE35D /* Release */ = {
			isa = XCBuildConfiguration;
			buildSettings = {
				ALWAYS_EMBED_SWIFT_STANDARD_LIBRARIES = YES;
				CODE_SIGN_STYLE = Automatic;
				INFOPLIST_FILE = MyAppUITests/Info.plist;
				LD_RUNPATH_SEARCH_PATHS = (
					"$(inherited)",
					"@executable_path/Frameworks",
					"@loader_path/Frameworks",
				);
				PRODUCT_BUNDLE_IDENTIFIER = jp.myapp.MyAppUITests;
				PRODUCT_NAME = "$(TARGET_NAME)";
				SWIFT_VERSION = 4.0;
				TARGETED_DEVICE_FAMILY = "1,2";
				TEST_TARGET_NAME = MyApp;
			};
			name = Release;
		};
/* End XCBuildConfiguration section */

/* Begin XCConfigurationList section */
		CF5F731320BC2414005EE35D /* Build configuration list for PBXProject "MyApp" */ = {
			isa = XCConfigurationList;
			buildConfigurations = (
				CF5F733E20BC2416005EE35D /* Debug */,
				CF5F733F20BC2416005EE35D /* Release */,
			);
			defaultConfigurationIsVisible = 0;
			defaultConfigurationName = Release;
		};
		CF5F734020BC2416005EE35D /* Build configuration list for PBXNativeTarget "MyApp" */ = {
			isa = XCConfigurationList;
			buildConfigurations = (
				CF5F734120BC2416005EE35D /* Debug */,
				CF5F734220BC2416005EE35D /* Release */,
			);
			defaultConfigurationIsVisible = 0;
			defaultConfigurationName = Release;
		};
		CF5F734320BC2416005EE35D /* Build configuration list for PBXNativeTarget "MyAppTests" */ = {
			isa = XCConfigurationList;
			buildConfigurations = (
				CF5F734420BC2416005EE35D /* Debug */,
				CF5F734520BC2416005EE35D /* Release */,
			);
			defaultConfigurationIsVisible = 0;
			defaultConfigurationName = Release;
		};
		CF5F734620BC2416005EE35D /* Build configuration list for PBXNativeTarget "MyAppUITests" */ = {
			isa = XCConfigurationList;
			buildConfigurations = (
				CF5F734720BC2416005EE35D /* Debug */,
				CF5F734820BC2416005EE35D /* Release */,
			);
			defaultConfigurationIsVisible = 0;
			defaultConfigurationName = Release;
		};
/* End XCConfigurationList section */
	};
	rootObject = CF5F731020BC2414005EE35D /* Project object */;
}
